
Microsoft Visual Studio Solution File, Format Version 12.00
# Visual Studio Version 17
VisualStudioVersion = 17.4.33122.133
MinimumVisualStudioVersion = 10.0.40219.1
Project("{FAE04EC0-301F-11D3-BF4B-00C04F79EFBC}") = "WebApplication19", "WebApplication19\WebApplication19.csproj", "{907277F3-E00E-4240-84AE-4A8361220AB9}"
EndProject
Global
	GlobalSection(SolutionConfigurationPlatforms) = preSolution
		Debug|Any CPU = Debug|Any CPU
		Release|Any CPU = Release|Any CPU
	EndGlobalSection
	GlobalSection(ProjectConfigurationPlatforms) = postSolution
		{907277F3-E00E-4240-84AE-4A8361220AB9}.Debug|Any CPU.ActiveCfg = Debug|Any CPU
		{907277F3-E00E-4240-84AE-4A8361220AB9}.Debug|Any CPU.Build.0 = Debug|Any CPU
		{907277F3-E00E-4240-84AE-4A8361220AB9}.Release|Any CPU.ActiveCfg = Release|Any CPU
		{907277F3-E00E-4240-84AE-4A8361220AB9}.Release|Any CPU.Build.0 = Release|Any CPU
	EndGlobalSection
	GlobalSection(SolutionProperties) = preSolution
		HideSolutionNode = FALSE
	EndGlobalSection
	GlobalSection(ExtensibilityGlobals) = postSolution
		SolutionGuid = {C7DF6A58-50AF-49DF-AA3F-EE5E8661AF91}
	EndGlobalSection
EndGlobal
